
Microsoft Visual Studio Solution File, Format Version 12.00
# Visual Studio Express 2013 for Web
VisualStudioVersion = 12.0.30110.0
MinimumVisualStudioVersion = 10.0.40219.1
Project("{FAE04EC0-301F-11D3-BF4B-00C04F79EFBC}") = "Task1", "Task1\Task1.csproj", "{C07C452D-FE6D-4B43-B86D-C58A403CD985}"
EndProject
Project("{FAE04EC0-301F-11D3-BF4B-00C04F79EFBC}") = "Task2", "Task2\Task2.csproj", "{3A2CA503-6C44-4123-AE4C-AD2AB4369E2A}"
EndProject
Project("{FAE04EC0-301F-11D3-BF4B-00C04F79EFBC}") = "Task3", "Task3\Task3.csproj", "{36A58707-117A-47B7-B1BE-553E41F53F8A}"
EndProject
Global
	GlobalSection(SolutionConfigurationPlatforms) = preSolution
		Debug|Any CPU = Debug|Any CPU
		Release|Any CPU = Release|Any CPU
	EndGlobalSection
	GlobalSection(ProjectConfigurationPlatforms) = postSolution
		{C07C452D-FE6D-4B43-B86D-C58A403CD985}.Debug|Any CPU.ActiveCfg = Debug|Any CPU
		{C07C452D-FE6D-4B43-B86D-C58A403CD985}.Debug|Any CPU.Build.0 = Debug|Any CPU
		{C07C452D-FE6D-4B43-B86D-C58A403CD985}.Release|Any CPU.ActiveCfg = Release|Any CPU
		{C07C452D-FE6D-4B43-B86D-C58A403CD985}.Release|Any CPU.Build.0 = Release|Any CPU
		{3A2CA503-6C44-4123-AE4C-AD2AB4369E2A}.Debug|Any CPU.ActiveCfg = Debug|Any CPU
		{3A2CA503-6C44-4123-AE4C-AD2AB4369E2A}.Debug|Any CPU.Build.0 = Debug|Any CPU
		{3A2CA503-6C44-4123-AE4C-AD2AB4369E2A}.Release|Any CPU.ActiveCfg = Release|Any CPU
		{3A2CA503-6C44-4123-AE4C-AD2AB4369E2A}.Release|Any CPU.Build.0 = Release|Any CPU
		{36A58707-117A-47B7-B1BE-553E41F53F8A}.Debug|Any CPU.ActiveCfg = Debug|Any CPU
		{36A58707-117A-47B7-B1BE-553E41F53F8A}.Debug|Any CPU.Build.0 = Debug|Any CPU
		{36A58707-117A-47B7-B1BE-553E41F53F8A}.Release|Any CPU.ActiveCfg = Release|Any CPU
		{36A58707-117A-47B7-B1BE-553E41F53F8A}.Release|Any CPU.Build.0 = Release|Any CPU
	EndGlobalSection
	GlobalSection(SolutionProperties) = preSolution
		HideSolutionNode = FALSE
	EndGlobalSection
EndGlobal
