
Microsoft Visual Studio Solution File, Format Version 12.00
# Visual Studio 2012
Project("{FAE04EC0-301F-11D3-BF4B-00C04F79EFBC}") = "Shape", "Shape\Shape.csproj", "{B87AC6A7-069E-49A6-AE2E-D6D655D28273}"
EndProject
Project("{FAE04EC0-301F-11D3-BF4B-00C04F79EFBC}") = "Bank", "Bank\Bank.csproj", "{013DBED8-F458-41DA-A9D2-38575B781F88}"
EndProject
Project("{FAE04EC0-301F-11D3-BF4B-00C04F79EFBC}") = "InvalidRangeException", "InvalidRangeException\InvalidRangeException.csproj", "{4A98E55B-A13D-4BBA-A978-656D9931D6FC}"
EndProject
Global
	GlobalSection(SolutionConfigurationPlatforms) = preSolution
		Debug|Any CPU = Debug|Any CPU
		Release|Any CPU = Release|Any CPU
	EndGlobalSection
	GlobalSection(ProjectConfigurationPlatforms) = postSolution
		{B87AC6A7-069E-49A6-AE2E-D6D655D28273}.Debug|Any CPU.ActiveCfg = Debug|Any CPU
		{B87AC6A7-069E-49A6-AE2E-D6D655D28273}.Debug|Any CPU.Build.0 = Debug|Any CPU
		{B87AC6A7-069E-49A6-AE2E-D6D655D28273}.Release|Any CPU.ActiveCfg = Release|Any CPU
		{B87AC6A7-069E-49A6-AE2E-D6D655D28273}.Release|Any CPU.Build.0 = Release|Any CPU
		{013DBED8-F458-41DA-A9D2-38575B781F88}.Debug|Any CPU.ActiveCfg = Debug|Any CPU
		{013DBED8-F458-41DA-A9D2-38575B781F88}.Debug|Any CPU.Build.0 = Debug|Any CPU
		{013DBED8-F458-41DA-A9D2-38575B781F88}.Release|Any CPU.ActiveCfg = Release|Any CPU
		{013DBED8-F458-41DA-A9D2-38575B781F88}.Release|Any CPU.Build.0 = Release|Any CPU
		{4A98E55B-A13D-4BBA-A978-656D9931D6FC}.Debug|Any CPU.ActiveCfg = Debug|Any CPU
		{4A98E55B-A13D-4BBA-A978-656D9931D6FC}.Debug|Any CPU.Build.0 = Debug|Any CPU
		{4A98E55B-A13D-4BBA-A978-656D9931D6FC}.Release|Any CPU.ActiveCfg = Release|Any CPU
		{4A98E55B-A13D-4BBA-A978-656D9931D6FC}.Release|Any CPU.Build.0 = Release|Any CPU
	EndGlobalSection
	GlobalSection(SolutionProperties) = preSolution
		HideSolutionNode = FALSE
	EndGlobalSection
EndGlobal
