
Microsoft Visual Studio Solution File, Format Version 12.00
# Visual Studio 2012
Project("{FAE04EC0-301F-11D3-BF4B-00C04F79EFBC}") = "1. Spiral", "1. Spiral\1. Spiral.csproj", "{D2A312FB-06F6-4780-B2DD-D27770CCDFAB}"
EndProject
Project("{FAE04EC0-301F-11D3-BF4B-00C04F79EFBC}") = "2. MaxSum", "2. MaxSum\2. MaxSum.csproj", "{5393F2A3-7001-4E69-9462-437B0732618A}"
EndProject
Project("{FAE04EC0-301F-11D3-BF4B-00C04F79EFBC}") = "3. MatrixSequence", "3. MatrixSequence\3. MatrixSequence.csproj", "{740ABE29-258A-4C5C-B370-41CF8714846E}"
EndProject
Project("{FAE04EC0-301F-11D3-BF4B-00C04F79EFBC}") = "4. BinarySearch", "4. BinarySearch\4. BinarySearch.csproj", "{75F9BCDF-AAD4-4076-ABFD-34AB9C3850DF}"
EndProject
Project("{FAE04EC0-301F-11D3-BF4B-00C04F79EFBC}") = "5. StringSort", "5. StringSort\5. StringSort.csproj", "{4293008C-45FB-408B-A07E-2F573BDE8BC2}"
EndProject
Project("{FAE04EC0-301F-11D3-BF4B-00C04F79EFBC}") = "6. MatrixClass", "6. MatrixClass\6. MatrixClass.csproj", "{09A2CDB8-AD3D-49EF-8BBC-B1CA8BDAD660}"
EndProject
Project("{FAE04EC0-301F-11D3-BF4B-00C04F79EFBC}") = "7. EqualElements", "7. EqualElements\7. EqualElements.csproj", "{9F190212-0F76-48EE-8188-DD54518F17F8}"
EndProject
Global
	GlobalSection(SolutionConfigurationPlatforms) = preSolution
		Debug|Any CPU = Debug|Any CPU
		Release|Any CPU = Release|Any CPU
	EndGlobalSection
	GlobalSection(ProjectConfigurationPlatforms) = postSolution
		{D2A312FB-06F6-4780-B2DD-D27770CCDFAB}.Debug|Any CPU.ActiveCfg = Debug|Any CPU
		{D2A312FB-06F6-4780-B2DD-D27770CCDFAB}.Debug|Any CPU.Build.0 = Debug|Any CPU
		{D2A312FB-06F6-4780-B2DD-D27770CCDFAB}.Release|Any CPU.ActiveCfg = Release|Any CPU
		{D2A312FB-06F6-4780-B2DD-D27770CCDFAB}.Release|Any CPU.Build.0 = Release|Any CPU
		{5393F2A3-7001-4E69-9462-437B0732618A}.Debug|Any CPU.ActiveCfg = Debug|Any CPU
		{5393F2A3-7001-4E69-9462-437B0732618A}.Debug|Any CPU.Build.0 = Debug|Any CPU
		{5393F2A3-7001-4E69-9462-437B0732618A}.Release|Any CPU.ActiveCfg = Release|Any CPU
		{5393F2A3-7001-4E69-9462-437B0732618A}.Release|Any CPU.Build.0 = Release|Any CPU
		{740ABE29-258A-4C5C-B370-41CF8714846E}.Debug|Any CPU.ActiveCfg = Debug|Any CPU
		{740ABE29-258A-4C5C-B370-41CF8714846E}.Debug|Any CPU.Build.0 = Debug|Any CPU
		{740ABE29-258A-4C5C-B370-41CF8714846E}.Release|Any CPU.ActiveCfg = Release|Any CPU
		{740ABE29-258A-4C5C-B370-41CF8714846E}.Release|Any CPU.Build.0 = Release|Any CPU
		{75F9BCDF-AAD4-4076-ABFD-34AB9C3850DF}.Debug|Any CPU.ActiveCfg = Debug|Any CPU
		{75F9BCDF-AAD4-4076-ABFD-34AB9C3850DF}.Debug|Any CPU.Build.0 = Debug|Any CPU
		{75F9BCDF-AAD4-4076-ABFD-34AB9C3850DF}.Release|Any CPU.ActiveCfg = Release|Any CPU
		{75F9BCDF-AAD4-4076-ABFD-34AB9C3850DF}.Release|Any CPU.Build.0 = Release|Any CPU
		{4293008C-45FB-408B-A07E-2F573BDE8BC2}.Debug|Any CPU.ActiveCfg = Debug|Any CPU
		{4293008C-45FB-408B-A07E-2F573BDE8BC2}.Debug|Any CPU.Build.0 = Debug|Any CPU
		{4293008C-45FB-408B-A07E-2F573BDE8BC2}.Release|Any CPU.ActiveCfg = Release|Any CPU
		{4293008C-45FB-408B-A07E-2F573BDE8BC2}.Release|Any CPU.Build.0 = Release|Any CPU
		{09A2CDB8-AD3D-49EF-8BBC-B1CA8BDAD660}.Debug|Any CPU.ActiveCfg = Debug|Any CPU
		{09A2CDB8-AD3D-49EF-8BBC-B1CA8BDAD660}.Debug|Any CPU.Build.0 = Debug|Any CPU
		{09A2CDB8-AD3D-49EF-8BBC-B1CA8BDAD660}.Release|Any CPU.ActiveCfg = Release|Any CPU
		{09A2CDB8-AD3D-49EF-8BBC-B1CA8BDAD660}.Release|Any CPU.Build.0 = Release|Any CPU
		{9F190212-0F76-48EE-8188-DD54518F17F8}.Debug|Any CPU.ActiveCfg = Debug|Any CPU
		{9F190212-0F76-48EE-8188-DD54518F17F8}.Debug|Any CPU.Build.0 = Debug|Any CPU
		{9F190212-0F76-48EE-8188-DD54518F17F8}.Release|Any CPU.ActiveCfg = Release|Any CPU
		{9F190212-0F76-48EE-8188-DD54518F17F8}.Release|Any CPU.Build.0 = Release|Any CPU
	EndGlobalSection
	GlobalSection(SolutionProperties) = preSolution
		HideSolutionNode = FALSE
	EndGlobalSection
EndGlobal
